// !$*UTF8*$!
{
	archiveVersion = 1;
	classes = {
	};
	objectVersion = 56;
	objects = {

/* Begin PBXBuildFile section */
		021B53B229C868A90068D2E2 /* ServicesView.swift in Sources */ = {isa = PBXBuildFile; fileRef = 021B53B129C868A90068D2E2 /* ServicesView.swift */; };
		021B53B629C8732A0068D2E2 /* HistoriqueHomeView.swift in Sources */ = {isa = PBXBuildFile; fileRef = 021B53B429C8732A0068D2E2 /* HistoriqueHomeView.swift */; };
		021B53B729C8732A0068D2E2 /* AddNewExpense.swift in Sources */ = {isa = PBXBuildFile; fileRef = 021B53B529C8732A0068D2E2 /* AddNewExpense.swift */; };
		021B53BB29C8736F0068D2E2 /* CoreDataToJson.xcdatamodeld in Sources */ = {isa = PBXBuildFile; fileRef = 021B53B829C8736F0068D2E2 /* CoreDataToJson.xcdatamodeld */; };
		021B53BC29C8736F0068D2E2 /* Persistence.swift in Sources */ = {isa = PBXBuildFile; fileRef = 021B53BA29C8736F0068D2E2 /* Persistence.swift */; };
		022B3EF529B734D9003BBF88 /* CustomTabBAr.swift in Sources */ = {isa = PBXBuildFile; fileRef = 022B3EF429B734D9003BBF88 /* CustomTabBAr.swift */; };
		022B3EF729B7478C003BBF88 /* TabCurveView.swift in Sources */ = {isa = PBXBuildFile; fileRef = 022B3EF629B7478C003BBF88 /* TabCurveView.swift */; };
		023A95B729B5EFD200A2DB11 /* Verification.swift in Sources */ = {isa = PBXBuildFile; fileRef = 023A95B629B5EFD200A2DB11 /* Verification.swift */; };
		023A95B929B610BB00A2DB11 /* CustomNumberPad.swift in Sources */ = {isa = PBXBuildFile; fileRef = 023A95B829B610BB00A2DB11 /* CustomNumberPad.swift */; };
		023A95BB29B6249E00A2DB11 /* GoogleService-Info.plist in Resources */ = {isa = PBXBuildFile; fileRef = 023A95BA29B6249E00A2DB11 /* GoogleService-Info.plist */; };
		023A95BE29B6360E00A2DB11 /* AlertView.swift in Sources */ = {isa = PBXBuildFile; fileRef = 023A95BD29B6360D00A2DB11 /* AlertView.swift */; };
		023A95C029B693E700A2DB11 /* HomeView.swift in Sources */ = {isa = PBXBuildFile; fileRef = 023A95BF29B693E700A2DB11 /* HomeView.swift */; };
		023E818329CDC72B00E6E876 /* AddUpdateExpensive.swift in Sources */ = {isa = PBXBuildFile; fileRef = 023E818229CDC72B00E6E876 /* AddUpdateExpensive.swift */; };
		024382A029CC4C580011539B /* ParametreUIView.swift in Sources */ = {isa = PBXBuildFile; fileRef = 0243829F29CC4C580011539B /* ParametreUIView.swift */; };
		024382A229CC6E6E0011539B /* ProfileView.swift in Sources */ = {isa = PBXBuildFile; fileRef = 024382A129CC6E6E0011539B /* ProfileView.swift */; };
		0246032829B4F55800FBD9B4 /* Login.swift in Sources */ = {isa = PBXBuildFile; fileRef = 0246032729B4F55800FBD9B4 /* Login.swift */; };
		0246032A29B53B6800FBD9B4 /* LoginViewModel.swift in Sources */ = {isa = PBXBuildFile; fileRef = 0246032929B53B6800FBD9B4 /* LoginViewModel.swift */; };
		0246032D29B543D600FBD9B4 /* Countries.swift in Sources */ = {isa = PBXBuildFile; fileRef = 0246032C29B543D600FBD9B4 /* Countries.swift */; };
		024A06DB29BB374A00CD9708 /* OtpVerificationView.swift in Sources */ = {isa = PBXBuildFile; fileRef = 024A06DA29BB374A00CD9708 /* OtpVerificationView.swift */; };
		0260C39329B3C4DE002B83F7 /* AuthwithOTPApp.swift in Sources */ = {isa = PBXBuildFile; fileRef = 0260C39229B3C4DE002B83F7 /* AuthwithOTPApp.swift */; };
		0260C39529B3C4DE002B83F7 /* ContentView.swift in Sources */ = {isa = PBXBuildFile; fileRef = 0260C39429B3C4DE002B83F7 /* ContentView.swift */; };
		0260C39729B3C4DF002B83F7 /* Assets.xcassets in Resources */ = {isa = PBXBuildFile; fileRef = 0260C39629B3C4DF002B83F7 /* Assets.xcassets */; };
		0260C39A29B3C4DF002B83F7 /* Preview Assets.xcassets in Resources */ = {isa = PBXBuildFile; fileRef = 0260C39929B3C4DF002B83F7 /* Preview Assets.xcassets */; };
		0260C3A429B3C4DF002B83F7 /* AuthwithOTPTests.swift in Sources */ = {isa = PBXBuildFile; fileRef = 0260C3A329B3C4DF002B83F7 /* AuthwithOTPTests.swift */; };
		0260C3AE29B3C4DF002B83F7 /* AuthwithOTPUITests.swift in Sources */ = {isa = PBXBuildFile; fileRef = 0260C3AD29B3C4DF002B83F7 /* AuthwithOTPUITests.swift */; };
		0260C3B029B3C4DF002B83F7 /* AuthwithOTPUITestsLaunchTests.swift in Sources */ = {isa = PBXBuildFile; fileRef = 0260C3AF29B3C4DF002B83F7 /* AuthwithOTPUITestsLaunchTests.swift */; };
		026A330429C08EA400EA77CE /* ContactRowView.swift in Sources */ = {isa = PBXBuildFile; fileRef = 026A330329C08EA400EA77CE /* ContactRowView.swift */; };
		026A330629C08F0200EA77CE /* CustomContactHome.swift in Sources */ = {isa = PBXBuildFile; fileRef = 026A330529C08F0200EA77CE /* CustomContactHome.swift */; };
		026A330829C08F4D00EA77CE /* ModelContact.swift in Sources */ = {isa = PBXBuildFile; fileRef = 026A330729C08F4C00EA77CE /* ModelContact.swift */; };
		027740A529B8EA3000DCA837 /* WalletView.swift in Sources */ = {isa = PBXBuildFile; fileRef = 027740A429B8EA3000DCA837 /* WalletView.swift */; };
		027740AA29B9E5F800DCA837 /* Home.swift in Sources */ = {isa = PBXBuildFile; fileRef = 027740A929B9E5F800DCA837 /* Home.swift */; };
		027740AE29B9E62200DCA837 /* MainView.swift in Sources */ = {isa = PBXBuildFile; fileRef = 027740AB29B9E62200DCA837 /* MainView.swift */; };
		027740AF29B9E62200DCA837 /* SideMenu.swift in Sources */ = {isa = PBXBuildFile; fileRef = 027740AC29B9E62200DCA837 /* SideMenu.swift */; };
		027740B029B9E62200DCA837 /* CustomTabView.swift in Sources */ = {isa = PBXBuildFile; fileRef = 027740AD29B9E62200DCA837 /* CustomTabView.swift */; };
		02DEB0F429BB10C300F995B1 /* TextFieldNumeroView.swift in Sources */ = {isa = PBXBuildFile; fileRef = 02DEB0F329BB10C300F995B1 /* TextFieldNumeroView.swift */; };
		18FC098ABFF33996586E4FF6 /* Pods_AuthwithOTP_AuthwithOTPUITests.framework in Frameworks */ = {isa = PBXBuildFile; fileRef = 20165022E37D207773F2BC52 /* Pods_AuthwithOTP_AuthwithOTPUITests.framework */; };
		8C38C3528629DC8BC431D396 /* Pods_AuthwithOTP.framework in Frameworks */ = {isa = PBXBuildFile; fileRef = AA21A2735ED50D7C269FAECF /* Pods_AuthwithOTP.framework */; };
		E170DC518E2582B8BADD6EF8 /* Pods_AuthwithOTPTests.framework in Frameworks */ = {isa = PBXBuildFile; fileRef = 0280AA525F8F84091AAD9693 /* Pods_AuthwithOTPTests.framework */; };
/* End PBXBuildFile section */

/* Begin PBXContainerItemProxy section */
		0260C3A029B3C4DF002B83F7 /* PBXContainerItemProxy */ = {
			isa = PBXContainerItemProxy;
			containerPortal = 0260C38729B3C4DE002B83F7 /* Project object */;
			proxyType = 1;
			remoteGlobalIDString = 0260C38E29B3C4DE002B83F7;
			remoteInfo = AuthwithOTP;
		};
		0260C3AA29B3C4DF002B83F7 /* PBXContainerItemProxy */ = {
			isa = PBXContainerItemProxy;
			containerPortal = 0260C38729B3C4DE002B83F7 /* Project object */;
			proxyType = 1;
			remoteGlobalIDString = 0260C38E29B3C4DE002B83F7;
			remoteInfo = AuthwithOTP;
		};
/* End PBXContainerItemProxy section */

/* Begin PBXFileReference section */
		0020FB9B06862ADB35F256B7 /* Pods-AuthwithOTPTests.release.xcconfig */ = {isa = PBXFileReference; includeInIndex = 1; lastKnownFileType = text.xcconfig; name = "Pods-AuthwithOTPTests.release.xcconfig"; path = "Target Support Files/Pods-AuthwithOTPTests/Pods-AuthwithOTPTests.release.xcconfig"; sourceTree = "<group>"; };
		021B53B129C868A90068D2E2 /* ServicesView.swift */ = {isa = PBXFileReference; lastKnownFileType = sourcecode.swift; path = ServicesView.swift; sourceTree = "<group>"; };
		021B53B429C8732A0068D2E2 /* HistoriqueHomeView.swift */ = {isa = PBXFileReference; fileEncoding = 4; lastKnownFileType = sourcecode.swift; path = HistoriqueHomeView.swift; sourceTree = "<group>"; };
		021B53B529C8732A0068D2E2 /* AddNewExpense.swift */ = {isa = PBXFileReference; fileEncoding = 4; lastKnownFileType = sourcecode.swift; path = AddNewExpense.swift; sourceTree = "<group>"; };
		021B53B929C8736F0068D2E2 /* CoreDataToJson.xcdatamodel */ = {isa = PBXFileReference; lastKnownFileType = wrapper.xcdatamodel; path = CoreDataToJson.xcdatamodel; sourceTree = "<group>"; };
		021B53BA29C8736F0068D2E2 /* Persistence.swift */ = {isa = PBXFileReference; fileEncoding = 4; lastKnownFileType = sourcecode.swift; path = Persistence.swift; sourceTree = "<group>"; };
		022B3EF429B734D9003BBF88 /* CustomTabBAr.swift */ = {isa = PBXFileReference; lastKnownFileType = sourcecode.swift; path = CustomTabBAr.swift; sourceTree = "<group>"; };
		022B3EF629B7478C003BBF88 /* TabCurveView.swift */ = {isa = PBXFileReference; lastKnownFileType = sourcecode.swift; path = TabCurveView.swift; sourceTree = "<group>"; };
		023A95B629B5EFD200A2DB11 /* Verification.swift */ = {isa = PBXFileReference; lastKnownFileType = sourcecode.swift; path = Verification.swift; sourceTree = "<group>"; };
		023A95B829B610BB00A2DB11 /* CustomNumberPad.swift */ = {isa = PBXFileReference; lastKnownFileType = sourcecode.swift; path = CustomNumberPad.swift; sourceTree = "<group>"; };
		023A95BA29B6249E00A2DB11 /* GoogleService-Info.plist */ = {isa = PBXFileReference; fileEncoding = 4; lastKnownFileType = text.plist.xml; path = "GoogleService-Info.plist"; sourceTree = "<group>"; };
		023A95BC29B624C900A2DB11 /* Info.plist */ = {isa = PBXFileReference; lastKnownFileType = text.plist; path = Info.plist; sourceTree = "<group>"; };
		023A95BD29B6360D00A2DB11 /* AlertView.swift */ = {isa = PBXFileReference; lastKnownFileType = sourcecode.swift; path = AlertView.swift; sourceTree = "<group>"; };
		023A95BF29B693E700A2DB11 /* HomeView.swift */ = {isa = PBXFileReference; lastKnownFileType = sourcecode.swift; path = HomeView.swift; sourceTree = "<group>"; };
		023E818229CDC72B00E6E876 /* AddUpdateExpensive.swift */ = {isa = PBXFileReference; lastKnownFileType = sourcecode.swift; path = AddUpdateExpensive.swift; sourceTree = "<group>"; };
		0243829F29CC4C580011539B /* ParametreUIView.swift */ = {isa = PBXFileReference; lastKnownFileType = sourcecode.swift; path = ParametreUIView.swift; sourceTree = "<group>"; };
		024382A129CC6E6E0011539B /* ProfileView.swift */ = {isa = PBXFileReference; lastKnownFileType = sourcecode.swift; path = ProfileView.swift; sourceTree = "<group>"; };
		0246032729B4F55800FBD9B4 /* Login.swift */ = {isa = PBXFileReference; lastKnownFileType = sourcecode.swift; path = Login.swift; sourceTree = "<group>"; };
		0246032929B53B6800FBD9B4 /* LoginViewModel.swift */ = {isa = PBXFileReference; lastKnownFileType = sourcecode.swift; path = LoginViewModel.swift; sourceTree = "<group>"; };
		0246032C29B543D600FBD9B4 /* Countries.swift */ = {isa = PBXFileReference; lastKnownFileType = sourcecode.swift; path = Countries.swift; sourceTree = "<group>"; };
		024A06DA29BB374A00CD9708 /* OtpVerificationView.swift */ = {isa = PBXFileReference; fileEncoding = 4; lastKnownFileType = sourcecode.swift; path = OtpVerificationView.swift; sourceTree = "<group>"; };
		0260C38F29B3C4DE002B83F7 /* AuthwithOTP.app */ = {isa = PBXFileReference; explicitFileType = wrapper.application; includeInIndex = 0; path = AuthwithOTP.app; sourceTree = BUILT_PRODUCTS_DIR; };
		0260C39229B3C4DE002B83F7 /* AuthwithOTPApp.swift */ = {isa = PBXFileReference; lastKnownFileType = sourcecode.swift; path = AuthwithOTPApp.swift; sourceTree = "<group>"; };
		0260C39429B3C4DE002B83F7 /* ContentView.swift */ = {isa = PBXFileReference; lastKnownFileType = sourcecode.swift; path = ContentView.swift; sourceTree = "<group>"; };
		0260C39629B3C4DF002B83F7 /* Assets.xcassets */ = {isa = PBXFileReference; lastKnownFileType = folder.assetcatalog; path = Assets.xcassets; sourceTree = "<group>"; };
		0260C39929B3C4DF002B83F7 /* Preview Assets.xcassets */ = {isa = PBXFileReference; lastKnownFileType = folder.assetcatalog; path = "Preview Assets.xcassets"; sourceTree = "<group>"; };
		0260C39F29B3C4DF002B83F7 /* AuthwithOTPTests.xctest */ = {isa = PBXFileReference; explicitFileType = wrapper.cfbundle; includeInIndex = 0; path = AuthwithOTPTests.xctest; sourceTree = BUILT_PRODUCTS_DIR; };
		0260C3A329B3C4DF002B83F7 /* AuthwithOTPTests.swift */ = {isa = PBXFileReference; lastKnownFileType = sourcecode.swift; path = AuthwithOTPTests.swift; sourceTree = "<group>"; };
		0260C3A929B3C4DF002B83F7 /* AuthwithOTPUITests.xctest */ = {isa = PBXFileReference; explicitFileType = wrapper.cfbundle; includeInIndex = 0; path = AuthwithOTPUITests.xctest; sourceTree = BUILT_PRODUCTS_DIR; };
		0260C3AD29B3C4DF002B83F7 /* AuthwithOTPUITests.swift */ = {isa = PBXFileReference; lastKnownFileType = sourcecode.swift; path = AuthwithOTPUITests.swift; sourceTree = "<group>"; };
		0260C3AF29B3C4DF002B83F7 /* AuthwithOTPUITestsLaunchTests.swift */ = {isa = PBXFileReference; lastKnownFileType = sourcecode.swift; path = AuthwithOTPUITestsLaunchTests.swift; sourceTree = "<group>"; };
		026A330329C08EA400EA77CE /* ContactRowView.swift */ = {isa = PBXFileReference; fileEncoding = 4; lastKnownFileType = sourcecode.swift; path = ContactRowView.swift; sourceTree = "<group>"; };
		026A330529C08F0200EA77CE /* CustomContactHome.swift */ = {isa = PBXFileReference; fileEncoding = 4; lastKnownFileType = sourcecode.swift; path = CustomContactHome.swift; sourceTree = "<group>"; };
		026A330729C08F4C00EA77CE /* ModelContact.swift */ = {isa = PBXFileReference; fileEncoding = 4; lastKnownFileType = sourcecode.swift; path = ModelContact.swift; sourceTree = "<group>"; };
		027740A429B8EA3000DCA837 /* WalletView.swift */ = {isa = PBXFileReference; lastKnownFileType = sourcecode.swift; path = WalletView.swift; sourceTree = "<group>"; };
		027740A929B9E5F800DCA837 /* Home.swift */ = {isa = PBXFileReference; fileEncoding = 4; lastKnownFileType = sourcecode.swift; path = Home.swift; sourceTree = "<group>"; };
		027740AB29B9E62200DCA837 /* MainView.swift */ = {isa = PBXFileReference; fileEncoding = 4; lastKnownFileType = sourcecode.swift; path = MainView.swift; sourceTree = "<group>"; };
		027740AC29B9E62200DCA837 /* SideMenu.swift */ = {isa = PBXFileReference; fileEncoding = 4; lastKnownFileType = sourcecode.swift; path = SideMenu.swift; sourceTree = "<group>"; };
		027740AD29B9E62200DCA837 /* CustomTabView.swift */ = {isa = PBXFileReference; fileEncoding = 4; lastKnownFileType = sourcecode.swift; path = CustomTabView.swift; sourceTree = "<group>"; };
		0280AA525F8F84091AAD9693 /* Pods_AuthwithOTPTests.framework */ = {isa = PBXFileReference; explicitFileType = wrapper.framework; includeInIndex = 0; path = Pods_AuthwithOTPTests.framework; sourceTree = BUILT_PRODUCTS_DIR; };
		02DEB0F329BB10C300F995B1 /* TextFieldNumeroView.swift */ = {isa = PBXFileReference; lastKnownFileType = sourcecode.swift; path = TextFieldNumeroView.swift; sourceTree = "<group>"; };
		1BD04F842CDCD23AA4545ABE /* Pods-AuthwithOTP-AuthwithOTPUITests.release.xcconfig */ = {isa = PBXFileReference; includeInIndex = 1; lastKnownFileType = text.xcconfig; name = "Pods-AuthwithOTP-AuthwithOTPUITests.release.xcconfig"; path = "Target Support Files/Pods-AuthwithOTP-AuthwithOTPUITests/Pods-AuthwithOTP-AuthwithOTPUITests.release.xcconfig"; sourceTree = "<group>"; };
		20165022E37D207773F2BC52 /* Pods_AuthwithOTP_AuthwithOTPUITests.framework */ = {isa = PBXFileReference; explicitFileType = wrapper.framework; includeInIndex = 0; path = Pods_AuthwithOTP_AuthwithOTPUITests.framework; sourceTree = BUILT_PRODUCTS_DIR; };
		40E2169F3AAB860D44E54EAA /* Pods-AuthwithOTP-AuthwithOTPUITests.debug.xcconfig */ = {isa = PBXFileReference; includeInIndex = 1; lastKnownFileType = text.xcconfig; name = "Pods-AuthwithOTP-AuthwithOTPUITests.debug.xcconfig"; path = "Target Support Files/Pods-AuthwithOTP-AuthwithOTPUITests/Pods-AuthwithOTP-AuthwithOTPUITests.debug.xcconfig"; sourceTree = "<group>"; };
		AA21A2735ED50D7C269FAECF /* Pods_AuthwithOTP.framework */ = {isa = PBXFileReference; explicitFileType = wrapper.framework; includeInIndex = 0; path = Pods_AuthwithOTP.framework; sourceTree = BUILT_PRODUCTS_DIR; };
		B00DFE6814A8CF323A1A62D1 /* Pods-AuthwithOTP.release.xcconfig */ = {isa = PBXFileReference; includeInIndex = 1; lastKnownFileType = text.xcconfig; name = "Pods-AuthwithOTP.release.xcconfig"; path = "Target Support Files/Pods-AuthwithOTP/Pods-AuthwithOTP.release.xcconfig"; sourceTree = "<group>"; };
		F8DB530E12C0D6B1BB45BC53 /* Pods-AuthwithOTPTests.debug.xcconfig */ = {isa = PBXFileReference; includeInIndex = 1; lastKnownFileType = text.xcconfig; name = "Pods-AuthwithOTPTests.debug.xcconfig"; path = "Target Support Files/Pods-AuthwithOTPTests/Pods-AuthwithOTPTests.debug.xcconfig"; sourceTree = "<group>"; };
		FF961F11B23A2CFEC4F86986 /* Pods-AuthwithOTP.debug.xcconfig */ = {isa = PBXFileReference; includeInIndex = 1; lastKnownFileType = text.xcconfig; name = "Pods-AuthwithOTP.debug.xcconfig"; path = "Target Support Files/Pods-AuthwithOTP/Pods-AuthwithOTP.debug.xcconfig"; sourceTree = "<group>"; };
/* End PBXFileReference section */

/* Begin PBXFrameworksBuildPhase section */
		0260C38C29B3C4DE002B83F7 /* Frameworks */ = {
			isa = PBXFrameworksBuildPhase;
			buildActionMask = 2147483647;
			files = (
				8C38C3528629DC8BC431D396 /* Pods_AuthwithOTP.framework in Frameworks */,
			);
			runOnlyForDeploymentPostprocessing = 0;
		};
		0260C39C29B3C4DF002B83F7 /* Frameworks */ = {
			isa = PBXFrameworksBuildPhase;
			buildActionMask = 2147483647;
			files = (
				E170DC518E2582B8BADD6EF8 /* Pods_AuthwithOTPTests.framework in Frameworks */,
			);
			runOnlyForDeploymentPostprocessing = 0;
		};
		0260C3A629B3C4DF002B83F7 /* Frameworks */ = {
			isa = PBXFrameworksBuildPhase;
			buildActionMask = 2147483647;
			files = (
				18FC098ABFF33996586E4FF6 /* Pods_AuthwithOTP_AuthwithOTPUITests.framework in Frameworks */,
			);
			runOnlyForDeploymentPostprocessing = 0;
		};
/* End PBXFrameworksBuildPhase section */

/* Begin PBXGroup section */
		021B53B029C8687E0068D2E2 /* ServiceView */ = {
			isa = PBXGroup;
			children = (
				021B53B129C868A90068D2E2 /* ServicesView.swift */,
			);
			path = ServiceView;
			sourceTree = "<group>";
		};
		021B53B329C873060068D2E2 /* AchatViews */ = {
			isa = PBXGroup;
			children = (
				021B53B529C8732A0068D2E2 /* AddNewExpense.swift */,
				021B53B429C8732A0068D2E2 /* HistoriqueHomeView.swift */,
				023E818229CDC72B00E6E876 /* AddUpdateExpensive.swift */,
			);
			path = AchatViews;
			sourceTree = "<group>";
		};
		022B3EF329B734BD003BBF88 /* TabBAr */ = {
			isa = PBXGroup;
			children = (
				022B3EF429B734D9003BBF88 /* CustomTabBAr.swift */,
				022B3EF629B7478C003BBF88 /* TabCurveView.swift */,
			);
			path = TabBAr;
			sourceTree = "<group>";
		};
		022B3F0529B7885D003BBF88 /* TextFieldsViews */ = {
			isa = PBXGroup;
			children = (
				02DEB0F329BB10C300F995B1 /* TextFieldNumeroView.swift */,
			);
			path = TextFieldsViews;
			sourceTree = "<group>";
		};
		0246032529B4F51B00FBD9B4 /* Views */ = {
			isa = PBXGroup;
			children = (
				024382A129CC6E6E0011539B /* ProfileView.swift */,
				021B53B329C873060068D2E2 /* AchatViews */,
				021B53B029C8687E0068D2E2 /* ServiceView */,
				026A330229C08E6100EA77CE /* CustomContactViews */,
				024A06DA29BB374A00CD9708 /* OtpVerificationView.swift */,
				027740A829B9E5D600DCA837 /* CustomMenu */,
				027740A329B8E9B200DCA837 /* Screen2 */,
				022B3F0529B7885D003BBF88 /* TextFieldsViews */,
				022B3EF329B734BD003BBF88 /* TabBAr */,
				0246032729B4F55800FBD9B4 /* Login.swift */,
				023A95B629B5EFD200A2DB11 /* Verification.swift */,
				023A95B829B610BB00A2DB11 /* CustomNumberPad.swift */,
				023A95BD29B6360D00A2DB11 /* AlertView.swift */,
				023A95BF29B693E700A2DB11 /* HomeView.swift */,
				0243829F29CC4C580011539B /* ParametreUIView.swift */,
			);
			path = Views;
			sourceTree = "<group>";
		};
		0246032629B4F52800FBD9B4 /* ViewModels */ = {
			isa = PBXGroup;
			children = (
				0246032929B53B6800FBD9B4 /* LoginViewModel.swift */,
			);
			path = ViewModels;
			sourceTree = "<group>";
		};
		0246032B29B543B900FBD9B4 /* Model */ = {
			isa = PBXGroup;
			children = (
				0246032C29B543D600FBD9B4 /* Countries.swift */,
				026A330729C08F4C00EA77CE /* ModelContact.swift */,
			);
			path = Model;
			sourceTree = "<group>";
		};
		0260C38629B3C4DE002B83F7 = {
			isa = PBXGroup;
			children = (
				0260C39129B3C4DE002B83F7 /* AuthwithOTP */,
				0260C3A229B3C4DF002B83F7 /* AuthwithOTPTests */,
				0260C3AC29B3C4DF002B83F7 /* AuthwithOTPUITests */,
				0260C39029B3C4DE002B83F7 /* Products */,
				A8A89C29A3D1F99876B15A3F /* Pods */,
				4D3902A042E9476E7283A882 /* Frameworks */,
			);
			sourceTree = "<group>";
		};
		0260C39029B3C4DE002B83F7 /* Products */ = {
			isa = PBXGroup;
			children = (
				0260C38F29B3C4DE002B83F7 /* AuthwithOTP.app */,
				0260C39F29B3C4DF002B83F7 /* AuthwithOTPTests.xctest */,
				0260C3A929B3C4DF002B83F7 /* AuthwithOTPUITests.xctest */,
			);
			name = Products;
			sourceTree = "<group>";
		};
		0260C39129B3C4DE002B83F7 /* AuthwithOTP */ = {
			isa = PBXGroup;
			children = (
				021B53B829C8736F0068D2E2 /* CoreDataToJson.xcdatamodeld */,
				021B53BA29C8736F0068D2E2 /* Persistence.swift */,
				023A95BC29B624C900A2DB11 /* Info.plist */,
				023A95BA29B6249E00A2DB11 /* GoogleService-Info.plist */,
				0246032B29B543B900FBD9B4 /* Model */,
				0246032629B4F52800FBD9B4 /* ViewModels */,
				0246032529B4F51B00FBD9B4 /* Views */,
				0260C39229B3C4DE002B83F7 /* AuthwithOTPApp.swift */,
				0260C39429B3C4DE002B83F7 /* ContentView.swift */,
				0260C39629B3C4DF002B83F7 /* Assets.xcassets */,
				0260C39829B3C4DF002B83F7 /* Preview Content */,
			);
			path = AuthwithOTP;
			sourceTree = "<group>";
		};
		0260C39829B3C4DF002B83F7 /* Preview Content */ = {
			isa = PBXGroup;
			children = (
				0260C39929B3C4DF002B83F7 /* Preview Assets.xcassets */,
			);
			path = "Preview Content";
			sourceTree = "<group>";
		};
		0260C3A229B3C4DF002B83F7 /* AuthwithOTPTests */ = {
			isa = PBXGroup;
			children = (
				0260C3A329B3C4DF002B83F7 /* AuthwithOTPTests.swift */,
			);
			path = AuthwithOTPTests;
			sourceTree = "<group>";
		};
		0260C3AC29B3C4DF002B83F7 /* AuthwithOTPUITests */ = {
			isa = PBXGroup;
			children = (
				0260C3AD29B3C4DF002B83F7 /* AuthwithOTPUITests.swift */,
				0260C3AF29B3C4DF002B83F7 /* AuthwithOTPUITestsLaunchTests.swift */,
			);
			path = AuthwithOTPUITests;
			sourceTree = "<group>";
		};
		026A330229C08E6100EA77CE /* CustomContactViews */ = {
			isa = PBXGroup;
			children = (
				026A330529C08F0200EA77CE /* CustomContactHome.swift */,
				026A330329C08EA400EA77CE /* ContactRowView.swift */,
			);
			path = CustomContactViews;
			sourceTree = "<group>";
		};
		027740A329B8E9B200DCA837 /* Screen2 */ = {
			isa = PBXGroup;
			children = (
				027740A429B8EA3000DCA837 /* WalletView.swift */,
			);
			path = Screen2;
			sourceTree = "<group>";
		};
		027740A829B9E5D600DCA837 /* CustomMenu */ = {
			isa = PBXGroup;
			children = (
				027740AD29B9E62200DCA837 /* CustomTabView.swift */,
				027740AB29B9E62200DCA837 /* MainView.swift */,
				027740AC29B9E62200DCA837 /* SideMenu.swift */,
				027740A929B9E5F800DCA837 /* Home.swift */,
			);
			path = CustomMenu;
			sourceTree = "<group>";
		};
		4D3902A042E9476E7283A882 /* Frameworks */ = {
			isa = PBXGroup;
			children = (
				AA21A2735ED50D7C269FAECF /* Pods_AuthwithOTP.framework */,
				20165022E37D207773F2BC52 /* Pods_AuthwithOTP_AuthwithOTPUITests.framework */,
				0280AA525F8F84091AAD9693 /* Pods_AuthwithOTPTests.framework */,
			);
			name = Frameworks;
			sourceTree = "<group>";
		};
		A8A89C29A3D1F99876B15A3F /* Pods */ = {
			isa = PBXGroup;
			children = (
				FF961F11B23A2CFEC4F86986 /* Pods-AuthwithOTP.debug.xcconfig */,
				B00DFE6814A8CF323A1A62D1 /* Pods-AuthwithOTP.release.xcconfig */,
				40E2169F3AAB860D44E54EAA /* Pods-AuthwithOTP-AuthwithOTPUITests.debug.xcconfig */,
				1BD04F842CDCD23AA4545ABE /* Pods-AuthwithOTP-AuthwithOTPUITests.release.xcconfig */,
				F8DB530E12C0D6B1BB45BC53 /* Pods-AuthwithOTPTests.debug.xcconfig */,
				0020FB9B06862ADB35F256B7 /* Pods-AuthwithOTPTests.release.xcconfig */,
			);
			path = Pods;
			sourceTree = "<group>";
		};
/* End PBXGroup section */

/* Begin PBXNativeTarget section */
		0260C38E29B3C4DE002B83F7 /* AuthwithOTP */ = {
			isa = PBXNativeTarget;
			buildConfigurationList = 0260C3B329B3C4DF002B83F7 /* Build configuration list for PBXNativeTarget "AuthwithOTP" */;
			buildPhases = (
				138F97A2018D2F2FF4A8B8D5 /* [CP] Check Pods Manifest.lock */,
				0260C38B29B3C4DE002B83F7 /* Sources */,
				0260C38C29B3C4DE002B83F7 /* Frameworks */,
				0260C38D29B3C4DE002B83F7 /* Resources */,
				92182B877679052685D289B2 /* [CP] Embed Pods Frameworks */,
			);
			buildRules = (
			);
			dependencies = (
			);
			name = AuthwithOTP;
			productName = AuthwithOTP;
			productReference = 0260C38F29B3C4DE002B83F7 /* AuthwithOTP.app */;
			productType = "com.apple.product-type.application";
		};
		0260C39E29B3C4DF002B83F7 /* AuthwithOTPTests */ = {
			isa = PBXNativeTarget;
			buildConfigurationList = 0260C3B629B3C4DF002B83F7 /* Build configuration list for PBXNativeTarget "AuthwithOTPTests" */;
			buildPhases = (
				83711075F2044A6C8B0420A6 /* [CP] Check Pods Manifest.lock */,
				0260C39B29B3C4DF002B83F7 /* Sources */,
				0260C39C29B3C4DF002B83F7 /* Frameworks */,
				0260C39D29B3C4DF002B83F7 /* Resources */,
			);
			buildRules = (
			);
			dependencies = (
				0260C3A129B3C4DF002B83F7 /* PBXTargetDependency */,
			);
			name = AuthwithOTPTests;
			productName = AuthwithOTPTests;
			productReference = 0260C39F29B3C4DF002B83F7 /* AuthwithOTPTests.xctest */;
			productType = "com.apple.product-type.bundle.unit-test";
		};
		0260C3A829B3C4DF002B83F7 /* AuthwithOTPUITests */ = {
			isa = PBXNativeTarget;
			buildConfigurationList = 0260C3B929B3C4DF002B83F7 /* Build configuration list for PBXNativeTarget "AuthwithOTPUITests" */;
			buildPhases = (
				FE7AC648B6181E761797D5C7 /* [CP] Check Pods Manifest.lock */,
				0260C3A529B3C4DF002B83F7 /* Sources */,
				0260C3A629B3C4DF002B83F7 /* Frameworks */,
				0260C3A729B3C4DF002B83F7 /* Resources */,
				C73499E6CFB9E456E27666DC /* [CP] Embed Pods Frameworks */,
			);
			buildRules = (
			);
			dependencies = (
				0260C3AB29B3C4DF002B83F7 /* PBXTargetDependency */,
			);
			name = AuthwithOTPUITests;
			productName = AuthwithOTPUITests;
			productReference = 0260C3A929B3C4DF002B83F7 /* AuthwithOTPUITests.xctest */;
			productType = "com.apple.product-type.bundle.ui-testing";
		};
/* End PBXNativeTarget section */

/* Begin PBXProject section */
		0260C38729B3C4DE002B83F7 /* Project object */ = {
			isa = PBXProject;
			attributes = {
				BuildIndependentTargetsInParallel = 1;
				LastSwiftUpdateCheck = 1420;
				LastUpgradeCheck = 1420;
				TargetAttributes = {
					0260C38E29B3C4DE002B83F7 = {
						CreatedOnToolsVersion = 14.2;
					};
					0260C39E29B3C4DF002B83F7 = {
						CreatedOnToolsVersion = 14.2;
						TestTargetID = 0260C38E29B3C4DE002B83F7;
					};
					0260C3A829B3C4DF002B83F7 = {
						CreatedOnToolsVersion = 14.2;
						TestTargetID = 0260C38E29B3C4DE002B83F7;
					};
				};
			};
			buildConfigurationList = 0260C38A29B3C4DE002B83F7 /* Build configuration list for PBXProject "AuthwithOTP" */;
			compatibilityVersion = "Xcode 14.0";
			developmentRegion = en;
			hasScannedForEncodings = 0;
			knownRegions = (
				en,
				Base,
			);
			mainGroup = 0260C38629B3C4DE002B83F7;
			productRefGroup = 0260C39029B3C4DE002B83F7 /* Products */;
			projectDirPath = "";
			projectRoot = "";
			targets = (
				0260C38E29B3C4DE002B83F7 /* AuthwithOTP */,
				0260C39E29B3C4DF002B83F7 /* AuthwithOTPTests */,
				0260C3A829B3C4DF002B83F7 /* AuthwithOTPUITests */,
			);
		};
/* End PBXProject section */

/* Begin PBXResourcesBuildPhase section */
		0260C38D29B3C4DE002B83F7 /* Resources */ = {
			isa = PBXResourcesBuildPhase;
			buildActionMask = 2147483647;
			files = (
				0260C39A29B3C4DF002B83F7 /* Preview Assets.xcassets in Resources */,
				023A95BB29B6249E00A2DB11 /* GoogleService-Info.plist in Resources */,
				0260C39729B3C4DF002B83F7 /* Assets.xcassets in Resources */,
			);
			runOnlyForDeploymentPostprocessing = 0;
		};
		0260C39D29B3C4DF002B83F7 /* Resources */ = {
			isa = PBXResourcesBuildPhase;
			buildActionMask = 2147483647;
			files = (
			);
			runOnlyForDeploymentPostprocessing = 0;
		};
		0260C3A729B3C4DF002B83F7 /* Resources */ = {
			isa = PBXResourcesBuildPhase;
			buildActionMask = 2147483647;
			files = (
			);
			runOnlyForDeploymentPostprocessing = 0;
		};
/* End PBXResourcesBuildPhase section */

/* Begin PBXShellScriptBuildPhase section */
		138F97A2018D2F2FF4A8B8D5 /* [CP] Check Pods Manifest.lock */ = {
			isa = PBXShellScriptBuildPhase;
			buildActionMask = 2147483647;
			files = (
			);
			inputFileListPaths = (
			);
			inputPaths = (
				"${PODS_PODFILE_DIR_PATH}/Podfile.lock",
				"${PODS_ROOT}/Manifest.lock",
			);
			name = "[CP] Check Pods Manifest.lock";
			outputFileListPaths = (
			);
			outputPaths = (
				"$(DERIVED_FILE_DIR)/Pods-AuthwithOTP-checkManifestLockResult.txt",
			);
			runOnlyForDeploymentPostprocessing = 0;
			shellPath = /bin/sh;
			shellScript = "diff \"${PODS_PODFILE_DIR_PATH}/Podfile.lock\" \"${PODS_ROOT}/Manifest.lock\" > /dev/null\nif [ $? != 0 ] ; then\n    # print error to STDERR\n    echo \"error: The sandbox is not in sync with the Podfile.lock. Run 'pod install' or update your CocoaPods installation.\" >&2\n    exit 1\nfi\n# This output is used by Xcode 'outputs' to avoid re-running this script phase.\necho \"SUCCESS\" > \"${SCRIPT_OUTPUT_FILE_0}\"\n";
			showEnvVarsInLog = 0;
		};
		83711075F2044A6C8B0420A6 /* [CP] Check Pods Manifest.lock */ = {
			isa = PBXShellScriptBuildPhase;
			buildActionMask = 2147483647;
			files = (
			);
			inputFileListPaths = (
			);
			inputPaths = (
				"${PODS_PODFILE_DIR_PATH}/Podfile.lock",
				"${PODS_ROOT}/Manifest.lock",
			);
			name = "[CP] Check Pods Manifest.lock";
			outputFileListPaths = (
			);
			outputPaths = (
				"$(DERIVED_FILE_DIR)/Pods-AuthwithOTPTests-checkManifestLockResult.txt",
			);
			runOnlyForDeploymentPostprocessing = 0;
			shellPath = /bin/sh;
			shellScript = "diff \"${PODS_PODFILE_DIR_PATH}/Podfile.lock\" \"${PODS_ROOT}/Manifest.lock\" > /dev/null\nif [ $? != 0 ] ; then\n    # print error to STDERR\n    echo \"error: The sandbox is not in sync with the Podfile.lock. Run 'pod install' or update your CocoaPods installation.\" >&2\n    exit 1\nfi\n# This output is used by Xcode 'outputs' to avoid re-running this script phase.\necho \"SUCCESS\" > \"${SCRIPT_OUTPUT_FILE_0}\"\n";
			showEnvVarsInLog = 0;
		};
		92182B877679052685D289B2 /* [CP] Embed Pods Frameworks */ = {
			isa = PBXShellScriptBuildPhase;
			buildActionMask = 2147483647;
			files = (
			);
			inputFileListPaths = (
				"${PODS_ROOT}/Target Support Files/Pods-AuthwithOTP/Pods-AuthwithOTP-frameworks-${CONFIGURATION}-input-files.xcfilelist",
			);
			name = "[CP] Embed Pods Frameworks";
			outputFileListPaths = (
				"${PODS_ROOT}/Target Support Files/Pods-AuthwithOTP/Pods-AuthwithOTP-frameworks-${CONFIGURATION}-output-files.xcfilelist",
			);
			runOnlyForDeploymentPostprocessing = 0;
			shellPath = /bin/sh;
			shellScript = "\"${PODS_ROOT}/Target Support Files/Pods-AuthwithOTP/Pods-AuthwithOTP-frameworks.sh\"\n";
			showEnvVarsInLog = 0;
		};
		C73499E6CFB9E456E27666DC /* [CP] Embed Pods Frameworks */ = {
			isa = PBXShellScriptBuildPhase;
			buildActionMask = 2147483647;
			files = (
			);
			inputFileListPaths = (
				"${PODS_ROOT}/Target Support Files/Pods-AuthwithOTP-AuthwithOTPUITests/Pods-AuthwithOTP-AuthwithOTPUITests-frameworks-${CONFIGURATION}-input-files.xcfilelist",
			);
			name = "[CP] Embed Pods Frameworks";
			outputFileListPaths = (
				"${PODS_ROOT}/Target Support Files/Pods-AuthwithOTP-AuthwithOTPUITests/Pods-AuthwithOTP-AuthwithOTPUITests-frameworks-${CONFIGURATION}-output-files.xcfilelist",
			);
			runOnlyForDeploymentPostprocessing = 0;
			shellPath = /bin/sh;
			shellScript = "\"${PODS_ROOT}/Target Support Files/Pods-AuthwithOTP-AuthwithOTPUITests/Pods-AuthwithOTP-AuthwithOTPUITests-frameworks.sh\"\n";
			showEnvVarsInLog = 0;
		};
		FE7AC648B6181E761797D5C7 /* [CP] Check Pods Manifest.lock */ = {
			isa = PBXShellScriptBuildPhase;
			buildActionMask = 2147483647;
			files = (
			);
			inputFileListPaths = (
			);
			inputPaths = (
				"${PODS_PODFILE_DIR_PATH}/Podfile.lock",
				"${PODS_ROOT}/Manifest.lock",
			);
			name = "[CP] Check Pods Manifest.lock";
			outputFileListPaths = (
			);
			outputPaths = (
				"$(DERIVED_FILE_DIR)/Pods-AuthwithOTP-AuthwithOTPUITests-checkManifestLockResult.txt",
			);
			runOnlyForDeploymentPostprocessing = 0;
			shellPath = /bin/sh;
			shellScript = "diff \"${PODS_PODFILE_DIR_PATH}/Podfile.lock\" \"${PODS_ROOT}/Manifest.lock\" > /dev/null\nif [ $? != 0 ] ; then\n    # print error to STDERR\n    echo \"error: The sandbox is not in sync with the Podfile.lock. Run 'pod install' or update your CocoaPods installation.\" >&2\n    exit 1\nfi\n# This output is used by Xcode 'outputs' to avoid re-running this script phase.\necho \"SUCCESS\" > \"${SCRIPT_OUTPUT_FILE_0}\"\n";
			showEnvVarsInLog = 0;
		};
/* End PBXShellScriptBuildPhase section */

/* Begin PBXSourcesBuildPhase section */
		0260C38B29B3C4DE002B83F7 /* Sources */ = {
			isa = PBXSourcesBuildPhase;
			buildActionMask = 2147483647;
			files = (
				023A95C029B693E700A2DB11 /* HomeView.swift in Sources */,
				024A06DB29BB374A00CD9708 /* OtpVerificationView.swift in Sources */,
				021B53BB29C8736F0068D2E2 /* CoreDataToJson.xcdatamodeld in Sources */,
				026A330629C08F0200EA77CE /* CustomContactHome.swift in Sources */,
				027740AF29B9E62200DCA837 /* SideMenu.swift in Sources */,
				021B53B229C868A90068D2E2 /* ServicesView.swift in Sources */,
				023A95B729B5EFD200A2DB11 /* Verification.swift in Sources */,
				021B53BC29C8736F0068D2E2 /* Persistence.swift in Sources */,
				024382A029CC4C580011539B /* ParametreUIView.swift in Sources */,
				022B3EF529B734D9003BBF88 /* CustomTabBAr.swift in Sources */,
				0246032A29B53B6800FBD9B4 /* LoginViewModel.swift in Sources */,
				026A330829C08F4D00EA77CE /* ModelContact.swift in Sources */,
				024382A229CC6E6E0011539B /* ProfileView.swift in Sources */,
				021B53B729C8732A0068D2E2 /* AddNewExpense.swift in Sources */,
				027740B029B9E62200DCA837 /* CustomTabView.swift in Sources */,
				026A330429C08EA400EA77CE /* ContactRowView.swift in Sources */,
				023E818329CDC72B00E6E876 /* AddUpdateExpensive.swift in Sources */,
				0246032829B4F55800FBD9B4 /* Login.swift in Sources */,
				0260C39529B3C4DE002B83F7 /* ContentView.swift in Sources */,
				0246032D29B543D600FBD9B4 /* Countries.swift in Sources */,
				027740AA29B9E5F800DCA837 /* Home.swift in Sources */,
				023A95BE29B6360E00A2DB11 /* AlertView.swift in Sources */,
				02DEB0F429BB10C300F995B1 /* TextFieldNumeroView.swift in Sources */,
				0260C39329B3C4DE002B83F7 /* AuthwithOTPApp.swift in Sources */,
				027740A529B8EA3000DCA837 /* WalletView.swift in Sources */,
				021B53B629C8732A0068D2E2 /* HistoriqueHomeView.swift in Sources */,
				027740AE29B9E62200DCA837 /* MainView.swift in Sources */,
				022B3EF729B7478C003BBF88 /* TabCurveView.swift in Sources */,
				023A95B929B610BB00A2DB11 /* CustomNumberPad.swift in Sources */,
			);
			runOnlyForDeploymentPostprocessing = 0;
		};
		0260C39B29B3C4DF002B83F7 /* Sources */ = {
			isa = PBXSourcesBuildPhase;
			buildActionMask = 2147483647;
			files = (
				0260C3A429B3C4DF002B83F7 /* AuthwithOTPTests.swift in Sources */,
			);
			runOnlyForDeploymentPostprocessing = 0;
		};
		0260C3A529B3C4DF002B83F7 /* Sources */ = {
			isa = PBXSourcesBuildPhase;
			buildActionMask = 2147483647;
			files = (
				0260C3B029B3C4DF002B83F7 /* AuthwithOTPUITestsLaunchTests.swift in Sources */,
				0260C3AE29B3C4DF002B83F7 /* AuthwithOTPUITests.swift in Sources */,
			);
			runOnlyForDeploymentPostprocessing = 0;
		};
/* End PBXSourcesBuildPhase section */

/* Begin PBXTargetDependency section */
		0260C3A129B3C4DF002B83F7 /* PBXTargetDependency */ = {
			isa = PBXTargetDependency;
			target = 0260C38E29B3C4DE002B83F7 /* AuthwithOTP */;
			targetProxy = 0260C3A029B3C4DF002B83F7 /* PBXContainerItemProxy */;
		};
		0260C3AB29B3C4DF002B83F7 /* PBXTargetDependency */ = {
			isa = PBXTargetDependency;
			target = 0260C38E29B3C4DE002B83F7 /* AuthwithOTP */;
			targetProxy = 0260C3AA29B3C4DF002B83F7 /* PBXContainerItemProxy */;
		};
/* End PBXTargetDependency section */

/* Begin XCBuildConfiguration section */
		0260C3B129B3C4DF002B83F7 /* Debug */ = {
			isa = XCBuildConfiguration;
			buildSettings = {
				ALWAYS_SEARCH_USER_PATHS = NO;
				CLANG_ANALYZER_NONNULL = YES;
				CLANG_ANALYZER_NUMBER_OBJECT_CONVERSION = YES_AGGRESSIVE;
				CLANG_CXX_LANGUAGE_STANDARD = "gnu++20";
				CLANG_ENABLE_MODULES = YES;
				CLANG_ENABLE_OBJC_ARC = YES;
				CLANG_ENABLE_OBJC_WEAK = YES;
				CLANG_WARN_BLOCK_CAPTURE_AUTORELEASING = YES;
				CLANG_WARN_BOOL_CONVERSION = YES;
				CLANG_WARN_COMMA = YES;
				CLANG_WARN_CONSTANT_CONVERSION = YES;
				CLANG_WARN_DEPRECATED_OBJC_IMPLEMENTATIONS = YES;
				CLANG_WARN_DIRECT_OBJC_ISA_USAGE = YES_ERROR;
				CLANG_WARN_DOCUMENTATION_COMMENTS = YES;
				CLANG_WARN_EMPTY_BODY = YES;
				CLANG_WARN_ENUM_CONVERSION = YES;
				CLANG_WARN_INFINITE_RECURSION = YES;
				CLANG_WARN_INT_CONVERSION = YES;
				CLANG_WARN_NON_LITERAL_NULL_CONVERSION = YES;
				CLANG_WARN_OBJC_IMPLICIT_RETAIN_SELF = YES;
				CLANG_WARN_OBJC_LITERAL_CONVERSION = YES;
				CLANG_WARN_OBJC_ROOT_CLASS = YES_ERROR;
				CLANG_WARN_QUOTED_INCLUDE_IN_FRAMEWORK_HEADER = YES;
				CLANG_WARN_RANGE_LOOP_ANALYSIS = YES;
				CLANG_WARN_STRICT_PROTOTYPES = YES;
				CLANG_WARN_SUSPICIOUS_MOVE = YES;
				CLANG_WARN_UNGUARDED_AVAILABILITY = YES_AGGRESSIVE;
				CLANG_WARN_UNREACHABLE_CODE = YES;
				CLANG_WARN__DUPLICATE_METHOD_MATCH = YES;
				COPY_PHASE_STRIP = NO;
				DEBUG_INFORMATION_FORMAT = dwarf;
				ENABLE_STRICT_OBJC_MSGSEND = YES;
				ENABLE_TESTABILITY = YES;
				GCC_C_LANGUAGE_STANDARD = gnu11;
				GCC_DYNAMIC_NO_PIC = NO;
				GCC_NO_COMMON_BLOCKS = YES;
				GCC_OPTIMIZATION_LEVEL = 0;
				GCC_PREPROCESSOR_DEFINITIONS = (
					"DEBUG=1",
					"$(inherited)",
				);
				GCC_WARN_64_TO_32_BIT_CONVERSION = YES;
				GCC_WARN_ABOUT_RETURN_TYPE = YES_ERROR;
				GCC_WARN_UNDECLARED_SELECTOR = YES;
				GCC_WARN_UNINITIALIZED_AUTOS = YES_AGGRESSIVE;
				GCC_WARN_UNUSED_FUNCTION = YES;
				GCC_WARN_UNUSED_VARIABLE = YES;
				IPHONEOS_DEPLOYMENT_TARGET = 16.2;
				MTL_ENABLE_DEBUG_INFO = INCLUDE_SOURCE;
				MTL_FAST_MATH = YES;
				ONLY_ACTIVE_ARCH = YES;
				SDKROOT = iphoneos;
				SWIFT_ACTIVE_COMPILATION_CONDITIONS = DEBUG;
				SWIFT_OPTIMIZATION_LEVEL = "-Onone";
			};
			name = Debug;
		};
		0260C3B229B3C4DF002B83F7 /* Release */ = {
			isa = XCBuildConfiguration;
			buildSettings = {
				ALWAYS_SEARCH_USER_PATHS = NO;
				CLANG_ANALYZER_NONNULL = YES;
				CLANG_ANALYZER_NUMBER_OBJECT_CONVERSION = YES_AGGRESSIVE;
				CLANG_CXX_LANGUAGE_STANDARD = "gnu++20";
				CLANG_ENABLE_MODULES = YES;
				CLANG_ENABLE_OBJC_ARC = YES;
				CLANG_ENABLE_OBJC_WEAK = YES;
				CLANG_WARN_BLOCK_CAPTURE_AUTORELEASING = YES;
				CLANG_WARN_BOOL_CONVERSION = YES;
				CLANG_WARN_COMMA = YES;
				CLANG_WARN_CONSTANT_CONVERSION = YES;
				CLANG_WARN_DEPRECATED_OBJC_IMPLEMENTATIONS = YES;
				CLANG_WARN_DIRECT_OBJC_ISA_USAGE = YES_ERROR;
				CLANG_WARN_DOCUMENTATION_COMMENTS = YES;
				CLANG_WARN_EMPTY_BODY = YES;
				CLANG_WARN_ENUM_CONVERSION = YES;
				CLANG_WARN_INFINITE_RECURSION = YES;
				CLANG_WARN_INT_CONVERSION = YES;
				CLANG_WARN_NON_LITERAL_NULL_CONVERSION = YES;
				CLANG_WARN_OBJC_IMPLICIT_RETAIN_SELF = YES;
				CLANG_WARN_OBJC_LITERAL_CONVERSION = YES;
				CLANG_WARN_OBJC_ROOT_CLASS = YES_ERROR;
				CLANG_WARN_QUOTED_INCLUDE_IN_FRAMEWORK_HEADER = YES;
				CLANG_WARN_RANGE_LOOP_ANALYSIS = YES;
				CLANG_WARN_STRICT_PROTOTYPES = YES;
				CLANG_WARN_SUSPICIOUS_MOVE = YES;
				CLANG_WARN_UNGUARDED_AVAILABILITY = YES_AGGRESSIVE;
				CLANG_WARN_UNREACHABLE_CODE = YES;
				CLANG_WARN__DUPLICATE_METHOD_MATCH = YES;
				COPY_PHASE_STRIP = NO;
				DEBUG_INFORMATION_FORMAT = "dwarf-with-dsym";
				ENABLE_NS_ASSERTIONS = NO;
				ENABLE_STRICT_OBJC_MSGSEND = YES;
				GCC_C_LANGUAGE_STANDARD = gnu11;
				GCC_NO_COMMON_BLOCKS = YES;
				GCC_WARN_64_TO_32_BIT_CONVERSION = YES;
				GCC_WARN_ABOUT_RETURN_TYPE = YES_ERROR;
				GCC_WARN_UNDECLARED_SELECTOR = YES;
				GCC_WARN_UNINITIALIZED_AUTOS = YES_AGGRESSIVE;
				GCC_WARN_UNUSED_FUNCTION = YES;
				GCC_WARN_UNUSED_VARIABLE = YES;
				IPHONEOS_DEPLOYMENT_TARGET = 16.2;
				MTL_ENABLE_DEBUG_INFO = NO;
				MTL_FAST_MATH = YES;
				SDKROOT = iphoneos;
				SWIFT_COMPILATION_MODE = wholemodule;
				SWIFT_OPTIMIZATION_LEVEL = "-O";
				VALIDATE_PRODUCT = YES;
			};
			name = Release;
		};
		0260C3B429B3C4DF002B83F7 /* Debug */ = {
			isa = XCBuildConfiguration;
			baseConfigurationReference = FF961F11B23A2CFEC4F86986 /* Pods-AuthwithOTP.debug.xcconfig */;
			buildSettings = {
				ASSETCATALOG_COMPILER_APPICON_NAME = AppIcon;
				ASSETCATALOG_COMPILER_GLOBAL_ACCENT_COLOR_NAME = AccentColor;
				CODE_SIGN_STYLE = Automatic;
				CURRENT_PROJECT_VERSION = 1;
				DEVELOPMENT_ASSET_PATHS = "\"AuthwithOTP/Preview Content\"";
				DEVELOPMENT_TEAM = A5L3S3UN63;
				ENABLE_PREVIEWS = YES;
				GENERATE_INFOPLIST_FILE = YES;
				INFOPLIST_FILE = AuthwithOTP/Info.plist;
				INFOPLIST_KEY_NSContactsUsageDescription = "let me access on your contact number";
				INFOPLIST_KEY_UIApplicationSceneManifest_Generation = YES;
				INFOPLIST_KEY_UIApplicationSupportsIndirectInputEvents = YES;
				INFOPLIST_KEY_UILaunchScreen_Generation = YES;
				INFOPLIST_KEY_UISupportedInterfaceOrientations_iPad = "UIInterfaceOrientationPortrait UIInterfaceOrientationPortraitUpsideDown UIInterfaceOrientationLandscapeLeft UIInterfaceOrientationLandscapeRight";
				INFOPLIST_KEY_UISupportedInterfaceOrientations_iPhone = "UIInterfaceOrientationPortrait UIInterfaceOrientationLandscapeLeft UIInterfaceOrientationLandscapeRight";
				LD_RUNPATH_SEARCH_PATHS = (
					"$(inherited)",
					"@executable_path/Frameworks",
				);
				MARKETING_VERSION = 1.0;
				PRODUCT_BUNDLE_IDENTIFIER = com.sonatel.AuthwithOTP;
				PRODUCT_NAME = "$(TARGET_NAME)";
				SWIFT_EMIT_LOC_STRINGS = YES;
				SWIFT_VERSION = 5.0;
				TARGETED_DEVICE_FAMILY = "1,2";
			};
			name = Debug;
		};
		0260C3B529B3C4DF002B83F7 /* Release */ = {
			isa = XCBuildConfiguration;
			baseConfigurationReference = B00DFE6814A8CF323A1A62D1 /* Pods-AuthwithOTP.release.xcconfig */;
			buildSettings = {
				ASSETCATALOG_COMPILER_APPICON_NAME = AppIcon;
				ASSETCATALOG_COMPILER_GLOBAL_ACCENT_COLOR_NAME = AccentColor;
				CODE_SIGN_STYLE = Automatic;
				CURRENT_PROJECT_VERSION = 1;
				DEVELOPMENT_ASSET_PATHS = "\"AuthwithOTP/Preview Content\"";
				DEVELOPMENT_TEAM = A5L3S3UN63;
				ENABLE_PREVIEWS = YES;
				GENERATE_INFOPLIST_FILE = YES;
				INFOPLIST_FILE = AuthwithOTP/Info.plist;
				INFOPLIST_KEY_NSContactsUsageDescription = "let me access on your contact number";
				INFOPLIST_KEY_UIApplicationSceneManifest_Generation = YES;
				INFOPLIST_KEY_UIApplicationSupportsIndirectInputEvents = YES;
				INFOPLIST_KEY_UILaunchScreen_Generation = YES;
				INFOPLIST_KEY_UISupportedInterfaceOrientations_iPad = "UIInterfaceOrientationPortrait UIInterfaceOrientationPortraitUpsideDown UIInterfaceOrientationLandscapeLeft UIInterfaceOrientationLandscapeRight";
				INFOPLIST_KEY_UISupportedInterfaceOrientations_iPhone = "UIInterfaceOrientationPortrait UIInterfaceOrientationLandscapeLeft UIInterfaceOrientationLandscapeRight";
				LD_RUNPATH_SEARCH_PATHS = (
					"$(inherited)",
					"@executable_path/Frameworks",
				);
				MARKETING_VERSION = 1.0;
				PRODUCT_BUNDLE_IDENTIFIER = com.sonatel.AuthwithOTP;
				PRODUCT_NAME = "$(TARGET_NAME)";
				SWIFT_EMIT_LOC_STRINGS = YES;
				SWIFT_VERSION = 5.0;
				TARGETED_DEVICE_FAMILY = "1,2";
			};
			name = Release;
		};
		0260C3B729B3C4DF002B83F7 /* Debug */ = {
			isa = XCBuildConfiguration;
			baseConfigurationReference = F8DB530E12C0D6B1BB45BC53 /* Pods-AuthwithOTPTests.debug.xcconfig */;
			buildSettings = {
				ALWAYS_EMBED_SWIFT_STANDARD_LIBRARIES = YES;
				BUNDLE_LOADER = "$(TEST_HOST)";
				CODE_SIGN_STYLE = Automatic;
				CURRENT_PROJECT_VERSION = 1;
				GENERATE_INFOPLIST_FILE = YES;
				IPHONEOS_DEPLOYMENT_TARGET = 16.2;
				MARKETING_VERSION = 1.0;
				PRODUCT_BUNDLE_IDENTIFIER = com.sonatel.AuthwithOTPTests;
				PRODUCT_NAME = "$(TARGET_NAME)";
				SWIFT_EMIT_LOC_STRINGS = NO;
				SWIFT_VERSION = 5.0;
				TARGETED_DEVICE_FAMILY = "1,2";
				TEST_HOST = "$(BUILT_PRODUCTS_DIR)/AuthwithOTP.app/$(BUNDLE_EXECUTABLE_FOLDER_PATH)/AuthwithOTP";
			};
			name = Debug;
		};
		0260C3B829B3C4DF002B83F7 /* Release */ = {
			isa = XCBuildConfiguration;
			baseConfigurationReference = 0020FB9B06862ADB35F256B7 /* Pods-AuthwithOTPTests.release.xcconfig */;
			buildSettings = {
				ALWAYS_EMBED_SWIFT_STANDARD_LIBRARIES = YES;
				BUNDLE_LOADER = "$(TEST_HOST)";
				CODE_SIGN_STYLE = Automatic;
				CURRENT_PROJECT_VERSION = 1;
				GENERATE_INFOPLIST_FILE = YES;
				IPHONEOS_DEPLOYMENT_TARGET = 16.2;
				MARKETING_VERSION = 1.0;
				PRODUCT_BUNDLE_IDENTIFIER = com.sonatel.AuthwithOTPTests;
				PRODUCT_NAME = "$(TARGET_NAME)";
				SWIFT_EMIT_LOC_STRINGS = NO;
				SWIFT_VERSION = 5.0;
				TARGETED_DEVICE_FAMILY = "1,2";
				TEST_HOST = "$(BUILT_PRODUCTS_DIR)/AuthwithOTP.app/$(BUNDLE_EXECUTABLE_FOLDER_PATH)/AuthwithOTP";
			};
			name = Release;
		};
		0260C3BA29B3C4DF002B83F7 /* Debug */ = {
			isa = XCBuildConfiguration;
			baseConfigurationReference = 40E2169F3AAB860D44E54EAA /* Pods-AuthwithOTP-AuthwithOTPUITests.debug.xcconfig */;
			buildSettings = {
				ALWAYS_EMBED_SWIFT_STANDARD_LIBRARIES = YES;
				CODE_SIGN_STYLE = Automatic;
				CURRENT_PROJECT_VERSION = 1;
				GENERATE_INFOPLIST_FILE = YES;
				MARKETING_VERSION = 1.0;
				PRODUCT_BUNDLE_IDENTIFIER = com.sonatel.AuthwithOTPUITests;
				PRODUCT_NAME = "$(TARGET_NAME)";
				SWIFT_EMIT_LOC_STRINGS = NO;
				SWIFT_VERSION = 5.0;
				TARGETED_DEVICE_FAMILY = "1,2";
				TEST_TARGET_NAME = AuthwithOTP;
			};
			name = Debug;
		};
		0260C3BB29B3C4DF002B83F7 /* Release */ = {
			isa = XCBuildConfiguration;
			baseConfigurationReference = 1BD04F842CDCD23AA4545ABE /* Pods-AuthwithOTP-AuthwithOTPUITests.release.xcconfig */;
			buildSettings = {
				ALWAYS_EMBED_SWIFT_STANDARD_LIBRARIES = YES;
				CODE_SIGN_STYLE = Automatic;
				CURRENT_PROJECT_VERSION = 1;
				GENERATE_INFOPLIST_FILE = YES;
				MARKETING_VERSION = 1.0;
				PRODUCT_BUNDLE_IDENTIFIER = com.sonatel.AuthwithOTPUITests;
				PRODUCT_NAME = "$(TARGET_NAME)";
				SWIFT_EMIT_LOC_STRINGS = NO;
				SWIFT_VERSION = 5.0;
				TARGETED_DEVICE_FAMILY = "1,2";
				TEST_TARGET_NAME = AuthwithOTP;
			};
			name = Release;
		};
/* End XCBuildConfiguration section */

/* Begin XCConfigurationList section */
		0260C38A29B3C4DE002B83F7 /* Build configuration list for PBXProject "AuthwithOTP" */ = {
			isa = XCConfigurationList;
			buildConfigurations = (
				0260C3B129B3C4DF002B83F7 /* Debug */,
				0260C3B229B3C4DF002B83F7 /* Release */,
			);
			defaultConfigurationIsVisible = 0;
			defaultConfigurationName = Release;
		};
		0260C3B329B3C4DF002B83F7 /* Build configuration list for PBXNativeTarget "AuthwithOTP" */ = {
			isa = XCConfigurationList;
			buildConfigurations = (
				0260C3B429B3C4DF002B83F7 /* Debug */,
				0260C3B529B3C4DF002B83F7 /* Release */,
			);
			defaultConfigurationIsVisible = 0;
			defaultConfigurationName = Release;
		};
		0260C3B629B3C4DF002B83F7 /* Build configuration list for PBXNativeTarget "AuthwithOTPTests" */ = {
			isa = XCConfigurationList;
			buildConfigurations = (
				0260C3B729B3C4DF002B83F7 /* Debug */,
				0260C3B829B3C4DF002B83F7 /* Release */,
			);
			defaultConfigurationIsVisible = 0;
			defaultConfigurationName = Release;
		};
		0260C3B929B3C4DF002B83F7 /* Build configuration list for PBXNativeTarget "AuthwithOTPUITests" */ = {
			isa = XCConfigurationList;
			buildConfigurations = (
				0260C3BA29B3C4DF002B83F7 /* Debug */,
				0260C3BB29B3C4DF002B83F7 /* Release */,
			);
			defaultConfigurationIsVisible = 0;
			defaultConfigurationName = Release;
		};
/* End XCConfigurationList section */

/* Begin XCVersionGroup section */
		021B53B829C8736F0068D2E2 /* CoreDataToJson.xcdatamodeld */ = {
			isa = XCVersionGroup;
			children = (
				021B53B929C8736F0068D2E2 /* CoreDataToJson.xcdatamodel */,
			);
			currentVersion = 021B53B929C8736F0068D2E2 /* CoreDataToJson.xcdatamodel */;
			path = CoreDataToJson.xcdatamodeld;
			sourceTree = "<group>";
			versionGroupType = wrapper.xcdatamodel;
		};
/* End XCVersionGroup section */
	};
	rootObject = 0260C38729B3C4DE002B83F7 /* Project object */;
}
